
Microsoft Visual Studio Solution File, Format Version 12.00
# Visual Studio 2012
Project("{FAE04EC0-301F-11D3-BF4B-00C04F79EFBC}") = "CCBot", "CCBot.csproj", "{F6B7858D-3B8E-48D4-98CF-A4AF416F2BAD}"
EndProject
Global
	GlobalSection(SolutionConfigurationPlatforms) = preSolution
		Debug|Any CPU = Debug|Any CPU
		Release|Any CPU = Release|Any CPU
	EndGlobalSection
	GlobalSection(ProjectConfigurationPlatforms) = postSolution
		{F6B7858D-3B8E-48D4-98CF-A4AF416F2BAD}.Debug|Any CPU.ActiveCfg = Debug|Any CPU
		{F6B7858D-3B8E-48D4-98CF-A4AF416F2BAD}.Debug|Any CPU.Build.0 = Debug|Any CPU
		{F6B7858D-3B8E-48D4-98CF-A4AF416F2BAD}.Release|Any CPU.ActiveCfg = Release|Any CPU
		{F6B7858D-3B8E-48D4-98CF-A4AF416F2BAD}.Release|Any CPU.Build.0 = Release|Any CPU
	EndGlobalSection
	GlobalSection(SolutionProperties) = preSolution
		HideSolutionNode = FALSE
	EndGlobalSection
EndGlobal
